// !$*UTF8*$!
{
	archiveVersion = 1;
	classes = {
	};
	objectVersion = 54;
	objects = {

/* Begin PBXBuildFile section */
		99A99FB162736D4FF19151FC /* Pods_MangaApp.framework in Frameworks */ = {isa = PBXBuildFile; fileRef = 583C61DEB416D5FFED3EDDDE /* Pods_MangaApp.framework */; };
		A31582DC28A2A8EA0052DDF3 /* AppDelegate.swift in Sources */ = {isa = PBXBuildFile; fileRef = A31582DB28A2A8EA0052DDF3 /* AppDelegate.swift */; };
		A31582E028A2A8EA0052DDF3 /* SignInViewController.swift in Sources */ = {isa = PBXBuildFile; fileRef = A31582DF28A2A8EA0052DDF3 /* SignInViewController.swift */; };
		A31582E528A2A8EB0052DDF3 /* Assets.xcassets in Resources */ = {isa = PBXBuildFile; fileRef = A31582E428A2A8EB0052DDF3 /* Assets.xcassets */; };
		A31582E828A2A8EB0052DDF3 /* LaunchScreen.storyboard in Resources */ = {isa = PBXBuildFile; fileRef = A31582E628A2A8EB0052DDF3 /* LaunchScreen.storyboard */; };
		A31582F328A2AC760052DDF3 /* BaseView.swift in Sources */ = {isa = PBXBuildFile; fileRef = A31582F228A2AC760052DDF3 /* BaseView.swift */; };
		A31582F528A2AC8B0052DDF3 /* BaseCollectionViewCell.swift in Sources */ = {isa = PBXBuildFile; fileRef = A31582F428A2AC8B0052DDF3 /* BaseCollectionViewCell.swift */; };
		A31582F728A2AC9C0052DDF3 /* BaseViewController.swift in Sources */ = {isa = PBXBuildFile; fileRef = A31582F628A2AC9C0052DDF3 /* BaseViewController.swift */; };
		A31582FC28A2AE6A0052DDF3 /* SignInView.swift in Sources */ = {isa = PBXBuildFile; fileRef = A31582FB28A2AE6A0052DDF3 /* SignInView.swift */; };
		A315830828A2B0760052DDF3 /* Ubuntu-Light.ttf in Resources */ = {isa = PBXBuildFile; fileRef = A315830028A2B0750052DDF3 /* Ubuntu-Light.ttf */; };
		A315830928A2B0760052DDF3 /* Ubuntu-MediumItalic.ttf in Resources */ = {isa = PBXBuildFile; fileRef = A315830128A2B0750052DDF3 /* Ubuntu-MediumItalic.ttf */; };
		A315830A28A2B0760052DDF3 /* Ubuntu-BoldItalic.ttf in Resources */ = {isa = PBXBuildFile; fileRef = A315830228A2B0760052DDF3 /* Ubuntu-BoldItalic.ttf */; };
		A315830B28A2B0760052DDF3 /* Ubuntu-Italic.ttf in Resources */ = {isa = PBXBuildFile; fileRef = A315830328A2B0760052DDF3 /* Ubuntu-Italic.ttf */; };
		A315830C28A2B0760052DDF3 /* Ubuntu-LightItalic.ttf in Resources */ = {isa = PBXBuildFile; fileRef = A315830428A2B0760052DDF3 /* Ubuntu-LightItalic.ttf */; };
		A315830D28A2B0760052DDF3 /* Ubuntu-Medium.ttf in Resources */ = {isa = PBXBuildFile; fileRef = A315830528A2B0760052DDF3 /* Ubuntu-Medium.ttf */; };
		A315830E28A2B0760052DDF3 /* Ubuntu-Bold.ttf in Resources */ = {isa = PBXBuildFile; fileRef = A315830628A2B0760052DDF3 /* Ubuntu-Bold.ttf */; };
		A315830F28A2B0760052DDF3 /* Ubuntu-Regular.ttf in Resources */ = {isa = PBXBuildFile; fileRef = A315830728A2B0760052DDF3 /* Ubuntu-Regular.ttf */; };
		A315831228A2B1A50052DDF3 /* R.generated.swift in Sources */ = {isa = PBXBuildFile; fileRef = A315831128A2B1A50052DDF3 /* R.generated.swift */; };
		A315831428A2B1DE0052DDF3 /* credentials.plist in Resources */ = {isa = PBXBuildFile; fileRef = A315831328A2B1DE0052DDF3 /* credentials.plist */; };
		A359327F28AD0B56009546A7 /* SignInRouter.swift in Sources */ = {isa = PBXBuildFile; fileRef = A359327E28AD0B56009546A7 /* SignInRouter.swift */; };
		A359328128AD1106009546A7 /* SignInScreenBuilder.swift in Sources */ = {isa = PBXBuildFile; fileRef = A359328028AD1106009546A7 /* SignInScreenBuilder.swift */; };
		A3AB631828B771F400EC5807 /* AuthService.swift in Sources */ = {isa = PBXBuildFile; fileRef = A3AB631728B771F400EC5807 /* AuthService.swift */; };
		A3AB631D28B911FA00EC5807 /* UsersModel.swift in Sources */ = {isa = PBXBuildFile; fileRef = A3AB631C28B911FA00EC5807 /* UsersModel.swift */; };
		A3F812E728A562BB008619CF /* SignInPresenter.swift in Sources */ = {isa = PBXBuildFile; fileRef = A3F812E628A562BB008619CF /* SignInPresenter.swift */; };
/* End PBXBuildFile section */

/* Begin PBXFileReference section */
		583C61DEB416D5FFED3EDDDE /* Pods_MangaApp.framework */ = {isa = PBXFileReference; explicitFileType = wrapper.framework; includeInIndex = 0; path = Pods_MangaApp.framework; sourceTree = BUILT_PRODUCTS_DIR; };
		6316A0690E7B26E0F4C32D4B /* Pods-MangaApp.debug.xcconfig */ = {isa = PBXFileReference; includeInIndex = 1; lastKnownFileType = text.xcconfig; name = "Pods-MangaApp.debug.xcconfig"; path = "Target Support Files/Pods-MangaApp/Pods-MangaApp.debug.xcconfig"; sourceTree = "<group>"; };
		A31582D828A2A8EA0052DDF3 /* MangaApp.app */ = {isa = PBXFileReference; explicitFileType = wrapper.application; includeInIndex = 0; path = MangaApp.app; sourceTree = BUILT_PRODUCTS_DIR; };
		A31582DB28A2A8EA0052DDF3 /* AppDelegate.swift */ = {isa = PBXFileReference; lastKnownFileType = sourcecode.swift; path = AppDelegate.swift; sourceTree = "<group>"; };
		A31582DF28A2A8EA0052DDF3 /* SignInViewController.swift */ = {isa = PBXFileReference; lastKnownFileType = sourcecode.swift; path = SignInViewController.swift; sourceTree = "<group>"; };
		A31582E428A2A8EB0052DDF3 /* Assets.xcassets */ = {isa = PBXFileReference; lastKnownFileType = folder.assetcatalog; path = Assets.xcassets; sourceTree = "<group>"; };
		A31582E728A2A8EB0052DDF3 /* Base */ = {isa = PBXFileReference; lastKnownFileType = file.storyboard; name = Base; path = Base.lproj/LaunchScreen.storyboard; sourceTree = "<group>"; };
		A31582E928A2A8EB0052DDF3 /* Info.plist */ = {isa = PBXFileReference; lastKnownFileType = text.plist.xml; path = Info.plist; sourceTree = "<group>"; };
		A31582F228A2AC760052DDF3 /* BaseView.swift */ = {isa = PBXFileReference; lastKnownFileType = sourcecode.swift; path = BaseView.swift; sourceTree = "<group>"; };
		A31582F428A2AC8B0052DDF3 /* BaseCollectionViewCell.swift */ = {isa = PBXFileReference; lastKnownFileType = sourcecode.swift; path = BaseCollectionViewCell.swift; sourceTree = "<group>"; };
		A31582F628A2AC9C0052DDF3 /* BaseViewController.swift */ = {isa = PBXFileReference; lastKnownFileType = sourcecode.swift; path = BaseViewController.swift; sourceTree = "<group>"; };
		A31582FB28A2AE6A0052DDF3 /* SignInView.swift */ = {isa = PBXFileReference; lastKnownFileType = sourcecode.swift; path = SignInView.swift; sourceTree = "<group>"; };
		A315830028A2B0750052DDF3 /* Ubuntu-Light.ttf */ = {isa = PBXFileReference; lastKnownFileType = file; path = "Ubuntu-Light.ttf"; sourceTree = "<group>"; };
		A315830128A2B0750052DDF3 /* Ubuntu-MediumItalic.ttf */ = {isa = PBXFileReference; lastKnownFileType = file; path = "Ubuntu-MediumItalic.ttf"; sourceTree = "<group>"; };
		A315830228A2B0760052DDF3 /* Ubuntu-BoldItalic.ttf */ = {isa = PBXFileReference; lastKnownFileType = file; path = "Ubuntu-BoldItalic.ttf"; sourceTree = "<group>"; };
		A315830328A2B0760052DDF3 /* Ubuntu-Italic.ttf */ = {isa = PBXFileReference; lastKnownFileType = file; path = "Ubuntu-Italic.ttf"; sourceTree = "<group>"; };
		A315830428A2B0760052DDF3 /* Ubuntu-LightItalic.ttf */ = {isa = PBXFileReference; lastKnownFileType = file; path = "Ubuntu-LightItalic.ttf"; sourceTree = "<group>"; };
		A315830528A2B0760052DDF3 /* Ubuntu-Medium.ttf */ = {isa = PBXFileReference; lastKnownFileType = file; path = "Ubuntu-Medium.ttf"; sourceTree = "<group>"; };
		A315830628A2B0760052DDF3 /* Ubuntu-Bold.ttf */ = {isa = PBXFileReference; lastKnownFileType = file; path = "Ubuntu-Bold.ttf"; sourceTree = "<group>"; };
		A315830728A2B0760052DDF3 /* Ubuntu-Regular.ttf */ = {isa = PBXFileReference; lastKnownFileType = file; path = "Ubuntu-Regular.ttf"; sourceTree = "<group>"; };
		A315831128A2B1A50052DDF3 /* R.generated.swift */ = {isa = PBXFileReference; fileEncoding = 4; lastKnownFileType = sourcecode.swift; path = R.generated.swift; sourceTree = SOURCE_ROOT; };
		A315831328A2B1DE0052DDF3 /* credentials.plist */ = {isa = PBXFileReference; fileEncoding = 4; lastKnownFileType = text.plist.xml; path = credentials.plist; sourceTree = "<group>"; };
		A359327E28AD0B56009546A7 /* SignInRouter.swift */ = {isa = PBXFileReference; lastKnownFileType = sourcecode.swift; path = SignInRouter.swift; sourceTree = "<group>"; };
		A359328028AD1106009546A7 /* SignInScreenBuilder.swift */ = {isa = PBXFileReference; lastKnownFileType = sourcecode.swift; path = SignInScreenBuilder.swift; sourceTree = "<group>"; };
		A3AB631728B771F400EC5807 /* AuthService.swift */ = {isa = PBXFileReference; lastKnownFileType = sourcecode.swift; path = AuthService.swift; sourceTree = "<group>"; };
		A3AB631C28B911FA00EC5807 /* UsersModel.swift */ = {isa = PBXFileReference; lastKnownFileType = sourcecode.swift; path = UsersModel.swift; sourceTree = "<group>"; };
		A3F812E628A562BB008619CF /* SignInPresenter.swift */ = {isa = PBXFileReference; lastKnownFileType = sourcecode.swift; path = SignInPresenter.swift; sourceTree = "<group>"; };
		AAC56263E1F6C4A5BAE35D9F /* Pods-MangaApp.release.xcconfig */ = {isa = PBXFileReference; includeInIndex = 1; lastKnownFileType = text.xcconfig; name = "Pods-MangaApp.release.xcconfig"; path = "Target Support Files/Pods-MangaApp/Pods-MangaApp.release.xcconfig"; sourceTree = "<group>"; };
/* End PBXFileReference section */

/* Begin PBXFrameworksBuildPhase section */
		A31582D528A2A8EA0052DDF3 /* Frameworks */ = {
			isa = PBXFrameworksBuildPhase;
			buildActionMask = 2147483647;
			files = (
				99A99FB162736D4FF19151FC /* Pods_MangaApp.framework in Frameworks */,
			);
			runOnlyForDeploymentPostprocessing = 0;
		};
/* End PBXFrameworksBuildPhase section */

/* Begin PBXGroup section */
		1C86AE78AF8AD25E993817CB /* Pods */ = {
			isa = PBXGroup;
			children = (
				6316A0690E7B26E0F4C32D4B /* Pods-MangaApp.debug.xcconfig */,
				AAC56263E1F6C4A5BAE35D9F /* Pods-MangaApp.release.xcconfig */,
			);
			path = Pods;
			sourceTree = "<group>";
		};
		45F1E9AEEB78C340A8CC7554 /* Frameworks */ = {
			isa = PBXGroup;
			children = (
				583C61DEB416D5FFED3EDDDE /* Pods_MangaApp.framework */,
			);
			name = Frameworks;
			sourceTree = "<group>";
		};
		A31582CF28A2A8EA0052DDF3 = {
			isa = PBXGroup;
			children = (
				A3AB631628B771AB00EC5807 /* Api */,
				A31582FF28A2B04D0052DDF3 /* Resources */,
				A31582F828A2ACF80052DDF3 /* Application */,
				A31582F128A2AC5E0052DDF3 /* BaseClasses */,
				A31582DA28A2A8EA0052DDF3 /* MangaApp */,
				A31582D928A2A8EA0052DDF3 /* Products */,
				1C86AE78AF8AD25E993817CB /* Pods */,
				45F1E9AEEB78C340A8CC7554 /* Frameworks */,
			);
			sourceTree = "<group>";
		};
		A31582D928A2A8EA0052DDF3 /* Products */ = {
			isa = PBXGroup;
			children = (
				A31582D828A2A8EA0052DDF3 /* MangaApp.app */,
			);
			name = Products;
			sourceTree = "<group>";
		};
		A31582DA28A2A8EA0052DDF3 /* MangaApp */ = {
			isa = PBXGroup;
			children = (
				A31582FA28A2AD870052DDF3 /* Screens */,
				A31582E428A2A8EB0052DDF3 /* Assets.xcassets */,
				A31582E628A2A8EB0052DDF3 /* LaunchScreen.storyboard */,
				A31582E928A2A8EB0052DDF3 /* Info.plist */,
				A315831328A2B1DE0052DDF3 /* credentials.plist */,
			);
			path = MangaApp;
			sourceTree = "<group>";
		};
		A31582F128A2AC5E0052DDF3 /* BaseClasses */ = {
			isa = PBXGroup;
			children = (
				A31582F228A2AC760052DDF3 /* BaseView.swift */,
				A31582F628A2AC9C0052DDF3 /* BaseViewController.swift */,
				A31582F428A2AC8B0052DDF3 /* BaseCollectionViewCell.swift */,
			);
			path = BaseClasses;
			sourceTree = "<group>";
		};
		A31582F828A2ACF80052DDF3 /* Application */ = {
			isa = PBXGroup;
			children = (
				A31582DB28A2A8EA0052DDF3 /* AppDelegate.swift */,
			);
			path = Application;
			sourceTree = "<group>";
		};
		A31582FA28A2AD870052DDF3 /* Screens */ = {
			isa = PBXGroup;
			children = (
				A359328228AD112B009546A7 /* SignInUpScreen */,
			);
			path = Screens;
			sourceTree = "<group>";
		};
		A31582FF28A2B04D0052DDF3 /* Resources */ = {
			isa = PBXGroup;
			children = (
				A315831528A2B8630052DDF3 /* Fonts */,
				A315831128A2B1A50052DDF3 /* R.generated.swift */,
			);
			path = Resources;
			sourceTree = "<group>";
		};
		A315831528A2B8630052DDF3 /* Fonts */ = {
			isa = PBXGroup;
			children = (
				A315830628A2B0760052DDF3 /* Ubuntu-Bold.ttf */,
				A315830228A2B0760052DDF3 /* Ubuntu-BoldItalic.ttf */,
				A315830328A2B0760052DDF3 /* Ubuntu-Italic.ttf */,
				A315830028A2B0750052DDF3 /* Ubuntu-Light.ttf */,
				A315830428A2B0760052DDF3 /* Ubuntu-LightItalic.ttf */,
				A315830528A2B0760052DDF3 /* Ubuntu-Medium.ttf */,
				A315830128A2B0750052DDF3 /* Ubuntu-MediumItalic.ttf */,
				A315830728A2B0760052DDF3 /* Ubuntu-Regular.ttf */,
			);
			path = Fonts;
			sourceTree = "<group>";
		};
		A359328228AD112B009546A7 /* SignInUpScreen */ = {
			isa = PBXGroup;
			children = (
				A3AB631B28B911EC00EC5807 /* Model */,
				A3AB631A28B911DE00EC5807 /* Presenter */,
				A3AB631928B911B300EC5807 /* View */,
				A359328028AD1106009546A7 /* SignInScreenBuilder.swift */,
				A359327E28AD0B56009546A7 /* SignInRouter.swift */,
			);
			path = SignInUpScreen;
			sourceTree = "<group>";
		};
		A3AB631628B771AB00EC5807 /* Api */ = {
			isa = PBXGroup;
			children = (
				A3AB631728B771F400EC5807 /* AuthService.swift */,
			);
			path = Api;
			sourceTree = "<group>";
		};
		A3AB631928B911B300EC5807 /* View */ = {
			isa = PBXGroup;
			children = (
				A31582FB28A2AE6A0052DDF3 /* SignInView.swift */,
				A31582DF28A2A8EA0052DDF3 /* SignInViewController.swift */,
			);
			path = View;
			sourceTree = "<group>";
		};
		A3AB631A28B911DE00EC5807 /* Presenter */ = {
			isa = PBXGroup;
			children = (
				A3F812E628A562BB008619CF /* SignInPresenter.swift */,
			);
			path = Presenter;
			sourceTree = "<group>";
		};
		A3AB631B28B911EC00EC5807 /* Model */ = {
			isa = PBXGroup;
			children = (
				A3AB631C28B911FA00EC5807 /* UsersModel.swift */,
			);
			path = Model;
			sourceTree = "<group>";
		};
/* End PBXGroup section */

/* Begin PBXNativeTarget section */
		A31582D728A2A8EA0052DDF3 /* MangaApp */ = {
			isa = PBXNativeTarget;
			buildConfigurationList = A31582EC28A2A8EB0052DDF3 /* Build configuration list for PBXNativeTarget "MangaApp" */;
			buildPhases = (
				FE93F2BAF3CFC2ED41607C9F /* [CP] Check Pods Manifest.lock */,
				A315831028A2B0950052DDF3 /* ShellScript */,
				A31582D428A2A8EA0052DDF3 /* Sources */,
				A31582D528A2A8EA0052DDF3 /* Frameworks */,
				A31582D628A2A8EA0052DDF3 /* Resources */,
				C1267B361F05A02CAA91F0BB /* [CP] Embed Pods Frameworks */,
			);
			buildRules = (
			);
			dependencies = (
			);
			name = MangaApp;
			productName = MangaApp;
			productReference = A31582D828A2A8EA0052DDF3 /* MangaApp.app */;
			productType = "com.apple.product-type.application";
		};
/* End PBXNativeTarget section */

/* Begin PBXProject section */
		A31582D028A2A8EA0052DDF3 /* Project object */ = {
			isa = PBXProject;
			attributes = {
				BuildIndependentTargetsInParallel = 1;
				LastSwiftUpdateCheck = 1340;
				LastUpgradeCheck = 1340;
				TargetAttributes = {
					A31582D728A2A8EA0052DDF3 = {
						CreatedOnToolsVersion = 13.4;
					};
				};
			};
			buildConfigurationList = A31582D328A2A8EA0052DDF3 /* Build configuration list for PBXProject "MangaApp" */;
			compatibilityVersion = "Xcode 9.3";
			developmentRegion = en;
			hasScannedForEncodings = 0;
			knownRegions = (
				en,
				Base,
			);
			mainGroup = A31582CF28A2A8EA0052DDF3;
			productRefGroup = A31582D928A2A8EA0052DDF3 /* Products */;
			projectDirPath = "";
			projectRoot = "";
			targets = (
				A31582D728A2A8EA0052DDF3 /* MangaApp */,
			);
		};
/* End PBXProject section */

/* Begin PBXResourcesBuildPhase section */
		A31582D628A2A8EA0052DDF3 /* Resources */ = {
			isa = PBXResourcesBuildPhase;
			buildActionMask = 2147483647;
			files = (
				A31582E828A2A8EB0052DDF3 /* LaunchScreen.storyboard in Resources */,
				A315830B28A2B0760052DDF3 /* Ubuntu-Italic.ttf in Resources */,
				A315830A28A2B0760052DDF3 /* Ubuntu-BoldItalic.ttf in Resources */,
				A315830C28A2B0760052DDF3 /* Ubuntu-LightItalic.ttf in Resources */,
				A315830828A2B0760052DDF3 /* Ubuntu-Light.ttf in Resources */,
				A315831428A2B1DE0052DDF3 /* credentials.plist in Resources */,
				A315830928A2B0760052DDF3 /* Ubuntu-MediumItalic.ttf in Resources */,
				A315830D28A2B0760052DDF3 /* Ubuntu-Medium.ttf in Resources */,
				A31582E528A2A8EB0052DDF3 /* Assets.xcassets in Resources */,
				A315830F28A2B0760052DDF3 /* Ubuntu-Regular.ttf in Resources */,
				A315830E28A2B0760052DDF3 /* Ubuntu-Bold.ttf in Resources */,
			);
			runOnlyForDeploymentPostprocessing = 0;
		};
/* End PBXResourcesBuildPhase section */

/* Begin PBXShellScriptBuildPhase section */
		A315831028A2B0950052DDF3 /* ShellScript */ = {
			isa = PBXShellScriptBuildPhase;
			alwaysOutOfDate = 1;
			buildActionMask = 2147483647;
			files = (
			);
			inputFileListPaths = (
			);
			inputPaths = (
			);
			outputFileListPaths = (
			);
			outputPaths = (
				"",
				$SRCROOT/R.generated.swift,
			);
			runOnlyForDeploymentPostprocessing = 0;
			shellPath = /bin/sh;
			shellScript = "\"$PODS_ROOT/R.swift/rswift\" generate \"$SRCROOT/R.generated.swift\"\n";
		};
		C1267B361F05A02CAA91F0BB /* [CP] Embed Pods Frameworks */ = {
			isa = PBXShellScriptBuildPhase;
			buildActionMask = 2147483647;
			files = (
			);
			inputFileListPaths = (
				"${PODS_ROOT}/Target Support Files/Pods-MangaApp/Pods-MangaApp-frameworks-${CONFIGURATION}-input-files.xcfilelist",
			);
			name = "[CP] Embed Pods Frameworks";
			outputFileListPaths = (
				"${PODS_ROOT}/Target Support Files/Pods-MangaApp/Pods-MangaApp-frameworks-${CONFIGURATION}-output-files.xcfilelist",
			);
			runOnlyForDeploymentPostprocessing = 0;
			shellPath = /bin/sh;
			shellScript = "\"${PODS_ROOT}/Target Support Files/Pods-MangaApp/Pods-MangaApp-frameworks.sh\"\n";
			showEnvVarsInLog = 0;
		};
		FE93F2BAF3CFC2ED41607C9F /* [CP] Check Pods Manifest.lock */ = {
			isa = PBXShellScriptBuildPhase;
			buildActionMask = 2147483647;
			files = (
			);
			inputFileListPaths = (
			);
			inputPaths = (
				"${PODS_PODFILE_DIR_PATH}/Podfile.lock",
				"${PODS_ROOT}/Manifest.lock",
			);
			name = "[CP] Check Pods Manifest.lock";
			outputFileListPaths = (
			);
			outputPaths = (
				"$(DERIVED_FILE_DIR)/Pods-MangaApp-checkManifestLockResult.txt",
			);
			runOnlyForDeploymentPostprocessing = 0;
			shellPath = /bin/sh;
			shellScript = "diff \"${PODS_PODFILE_DIR_PATH}/Podfile.lock\" \"${PODS_ROOT}/Manifest.lock\" > /dev/null\nif [ $? != 0 ] ; then\n    # print error to STDERR\n    echo \"error: The sandbox is not in sync with the Podfile.lock. Run 'pod install' or update your CocoaPods installation.\" >&2\n    exit 1\nfi\n# This output is used by Xcode 'outputs' to avoid re-running this script phase.\necho \"SUCCESS\" > \"${SCRIPT_OUTPUT_FILE_0}\"\n";
			showEnvVarsInLog = 0;
		};
/* End PBXShellScriptBuildPhase section */

/* Begin PBXSourcesBuildPhase section */
		A31582D428A2A8EA0052DDF3 /* Sources */ = {
			isa = PBXSourcesBuildPhase;
			buildActionMask = 2147483647;
			files = (
				A3F812E728A562BB008619CF /* SignInPresenter.swift in Sources */,
				A31582FC28A2AE6A0052DDF3 /* SignInView.swift in Sources */,
				A3AB631D28B911FA00EC5807 /* UsersModel.swift in Sources */,
				A315831228A2B1A50052DDF3 /* R.generated.swift in Sources */,
				A3AB631828B771F400EC5807 /* AuthService.swift in Sources */,
				A359328128AD1106009546A7 /* SignInScreenBuilder.swift in Sources */,
				A31582F728A2AC9C0052DDF3 /* BaseViewController.swift in Sources */,
				A31582F328A2AC760052DDF3 /* BaseView.swift in Sources */,
				A31582F528A2AC8B0052DDF3 /* BaseCollectionViewCell.swift in Sources */,
				A31582E028A2A8EA0052DDF3 /* SignInViewController.swift in Sources */,
				A31582DC28A2A8EA0052DDF3 /* AppDelegate.swift in Sources */,
				A359327F28AD0B56009546A7 /* SignInRouter.swift in Sources */,
			);
			runOnlyForDeploymentPostprocessing = 0;
		};
/* End PBXSourcesBuildPhase section */

/* Begin PBXVariantGroup section */
		A31582E628A2A8EB0052DDF3 /* LaunchScreen.storyboard */ = {
			isa = PBXVariantGroup;
			children = (
				A31582E728A2A8EB0052DDF3 /* Base */,
			);
			name = LaunchScreen.storyboard;
			sourceTree = "<group>";
		};
/* End PBXVariantGroup section */

/* Begin XCBuildConfiguration section */
		A31582EA28A2A8EB0052DDF3 /* Debug */ = {
			isa = XCBuildConfiguration;
			buildSettings = {
				ALWAYS_SEARCH_USER_PATHS = NO;
				CLANG_ANALYZER_NONNULL = YES;
				CLANG_ANALYZER_NUMBER_OBJECT_CONVERSION = YES_AGGRESSIVE;
				CLANG_CXX_LANGUAGE_STANDARD = "gnu++17";
				CLANG_ENABLE_MODULES = YES;
				CLANG_ENABLE_OBJC_ARC = YES;
				CLANG_ENABLE_OBJC_WEAK = YES;
				CLANG_WARN_BLOCK_CAPTURE_AUTORELEASING = YES;
				CLANG_WARN_BOOL_CONVERSION = YES;
				CLANG_WARN_COMMA = YES;
				CLANG_WARN_CONSTANT_CONVERSION = YES;
				CLANG_WARN_DEPRECATED_OBJC_IMPLEMENTATIONS = YES;
				CLANG_WARN_DIRECT_OBJC_ISA_USAGE = YES_ERROR;
				CLANG_WARN_DOCUMENTATION_COMMENTS = YES;
				CLANG_WARN_EMPTY_BODY = YES;
				CLANG_WARN_ENUM_CONVERSION = YES;
				CLANG_WARN_INFINITE_RECURSION = YES;
				CLANG_WARN_INT_CONVERSION = YES;
				CLANG_WARN_NON_LITERAL_NULL_CONVERSION = YES;
				CLANG_WARN_OBJC_IMPLICIT_RETAIN_SELF = YES;
				CLANG_WARN_OBJC_LITERAL_CONVERSION = YES;
				CLANG_WARN_OBJC_ROOT_CLASS = YES_ERROR;
				CLANG_WARN_QUOTED_INCLUDE_IN_FRAMEWORK_HEADER = YES;
				CLANG_WARN_RANGE_LOOP_ANALYSIS = YES;
				CLANG_WARN_STRICT_PROTOTYPES = YES;
				CLANG_WARN_SUSPICIOUS_MOVE = YES;
				CLANG_WARN_UNGUARDED_AVAILABILITY = YES_AGGRESSIVE;
				CLANG_WARN_UNREACHABLE_CODE = YES;
				CLANG_WARN__DUPLICATE_METHOD_MATCH = YES;
				COPY_PHASE_STRIP = NO;
				DEBUG_INFORMATION_FORMAT = dwarf;
				ENABLE_STRICT_OBJC_MSGSEND = YES;
				ENABLE_TESTABILITY = YES;
				GCC_C_LANGUAGE_STANDARD = gnu11;
				GCC_DYNAMIC_NO_PIC = NO;
				GCC_NO_COMMON_BLOCKS = YES;
				GCC_OPTIMIZATION_LEVEL = 0;
				GCC_PREPROCESSOR_DEFINITIONS = (
					"DEBUG=1",
					"$(inherited)",
				);
				GCC_WARN_64_TO_32_BIT_CONVERSION = YES;
				GCC_WARN_ABOUT_RETURN_TYPE = YES_ERROR;
				GCC_WARN_UNDECLARED_SELECTOR = YES;
				GCC_WARN_UNINITIALIZED_AUTOS = YES_AGGRESSIVE;
				GCC_WARN_UNUSED_FUNCTION = YES;
				GCC_WARN_UNUSED_VARIABLE = YES;
				IPHONEOS_DEPLOYMENT_TARGET = 15.5;
				MTL_ENABLE_DEBUG_INFO = INCLUDE_SOURCE;
				MTL_FAST_MATH = YES;
				ONLY_ACTIVE_ARCH = YES;
				SDKROOT = iphoneos;
				SWIFT_ACTIVE_COMPILATION_CONDITIONS = DEBUG;
				SWIFT_OPTIMIZATION_LEVEL = "-Onone";
			};
			name = Debug;
		};
		A31582EB28A2A8EB0052DDF3 /* Release */ = {
			isa = XCBuildConfiguration;
			buildSettings = {
				ALWAYS_SEARCH_USER_PATHS = NO;
				CLANG_ANALYZER_NONNULL = YES;
				CLANG_ANALYZER_NUMBER_OBJECT_CONVERSION = YES_AGGRESSIVE;
				CLANG_CXX_LANGUAGE_STANDARD = "gnu++17";
				CLANG_ENABLE_MODULES = YES;
				CLANG_ENABLE_OBJC_ARC = YES;
				CLANG_ENABLE_OBJC_WEAK = YES;
				CLANG_WARN_BLOCK_CAPTURE_AUTORELEASING = YES;
				CLANG_WARN_BOOL_CONVERSION = YES;
				CLANG_WARN_COMMA = YES;
				CLANG_WARN_CONSTANT_CONVERSION = YES;
				CLANG_WARN_DEPRECATED_OBJC_IMPLEMENTATIONS = YES;
				CLANG_WARN_DIRECT_OBJC_ISA_USAGE = YES_ERROR;
				CLANG_WARN_DOCUMENTATION_COMMENTS = YES;
				CLANG_WARN_EMPTY_BODY = YES;
				CLANG_WARN_ENUM_CONVERSION = YES;
				CLANG_WARN_INFINITE_RECURSION = YES;
				CLANG_WARN_INT_CONVERSION = YES;
				CLANG_WARN_NON_LITERAL_NULL_CONVERSION = YES;
				CLANG_WARN_OBJC_IMPLICIT_RETAIN_SELF = YES;
				CLANG_WARN_OBJC_LITERAL_CONVERSION = YES;
				CLANG_WARN_OBJC_ROOT_CLASS = YES_ERROR;
				CLANG_WARN_QUOTED_INCLUDE_IN_FRAMEWORK_HEADER = YES;
				CLANG_WARN_RANGE_LOOP_ANALYSIS = YES;
				CLANG_WARN_STRICT_PROTOTYPES = YES;
				CLANG_WARN_SUSPICIOUS_MOVE = YES;
				CLANG_WARN_UNGUARDED_AVAILABILITY = YES_AGGRESSIVE;
				CLANG_WARN_UNREACHABLE_CODE = YES;
				CLANG_WARN__DUPLICATE_METHOD_MATCH = YES;
				COPY_PHASE_STRIP = NO;
				DEBUG_INFORMATION_FORMAT = "dwarf-with-dsym";
				ENABLE_NS_ASSERTIONS = NO;
				ENABLE_STRICT_OBJC_MSGSEND = YES;
				GCC_C_LANGUAGE_STANDARD = gnu11;
				GCC_NO_COMMON_BLOCKS = YES;
				GCC_WARN_64_TO_32_BIT_CONVERSION = YES;
				GCC_WARN_ABOUT_RETURN_TYPE = YES_ERROR;
				GCC_WARN_UNDECLARED_SELECTOR = YES;
				GCC_WARN_UNINITIALIZED_AUTOS = YES_AGGRESSIVE;
				GCC_WARN_UNUSED_FUNCTION = YES;
				GCC_WARN_UNUSED_VARIABLE = YES;
				IPHONEOS_DEPLOYMENT_TARGET = 15.5;
				MTL_ENABLE_DEBUG_INFO = NO;
				MTL_FAST_MATH = YES;
				SDKROOT = iphoneos;
				SWIFT_COMPILATION_MODE = wholemodule;
				SWIFT_OPTIMIZATION_LEVEL = "-O";
				VALIDATE_PRODUCT = YES;
			};
			name = Release;
		};
		A31582ED28A2A8EB0052DDF3 /* Debug */ = {
			isa = XCBuildConfiguration;
			baseConfigurationReference = 6316A0690E7B26E0F4C32D4B /* Pods-MangaApp.debug.xcconfig */;
			buildSettings = {
				ASSETCATALOG_COMPILER_APPICON_NAME = AppIcon;
				ASSETCATALOG_COMPILER_GLOBAL_ACCENT_COLOR_NAME = AccentColor;
				CODE_SIGN_STYLE = Automatic;
				CURRENT_PROJECT_VERSION = 1;
				DEVELOPMENT_TEAM = Y54A39PP54;
				GENERATE_INFOPLIST_FILE = YES;
				INFOPLIST_FILE = MangaApp/Info.plist;
				INFOPLIST_KEY_UIApplicationSupportsIndirectInputEvents = YES;
				INFOPLIST_KEY_UILaunchStoryboardName = LaunchScreen;
				INFOPLIST_KEY_UISupportedInterfaceOrientations = UIInterfaceOrientationPortrait;
				INFOPLIST_KEY_UISupportedInterfaceOrientations_iPad = "UIInterfaceOrientationPortrait UIInterfaceOrientationPortraitUpsideDown UIInterfaceOrientationLandscapeLeft UIInterfaceOrientationLandscapeRight";
				INFOPLIST_KEY_UISupportedInterfaceOrientations_iPhone = "UIInterfaceOrientationPortrait UIInterfaceOrientationLandscapeLeft UIInterfaceOrientationLandscapeRight";
				LD_RUNPATH_SEARCH_PATHS = (
					"$(inherited)",
					"@executable_path/Frameworks",
				);
				MARKETING_VERSION = 1.0;
				PRODUCT_BUNDLE_IDENTIFIER = com.obiivion.MangaApp;
				PRODUCT_NAME = "$(TARGET_NAME)";
				SWIFT_EMIT_LOC_STRINGS = YES;
				SWIFT_VERSION = 5.0;
				TARGETED_DEVICE_FAMILY = "1,2";
			};
			name = Debug;
		};
		A31582EE28A2A8EB0052DDF3 /* Release */ = {
			isa = XCBuildConfiguration;
			baseConfigurationReference = AAC56263E1F6C4A5BAE35D9F /* Pods-MangaApp.release.xcconfig */;
			buildSettings = {
				ASSETCATALOG_COMPILER_APPICON_NAME = AppIcon;
				ASSETCATALOG_COMPILER_GLOBAL_ACCENT_COLOR_NAME = AccentColor;
				CODE_SIGN_STYLE = Automatic;
				CURRENT_PROJECT_VERSION = 1;
				DEVELOPMENT_TEAM = Y54A39PP54;
				GENERATE_INFOPLIST_FILE = YES;
				INFOPLIST_FILE = MangaApp/Info.plist;
				INFOPLIST_KEY_UIApplicationSupportsIndirectInputEvents = YES;
				INFOPLIST_KEY_UILaunchStoryboardName = LaunchScreen;
				INFOPLIST_KEY_UISupportedInterfaceOrientations = UIInterfaceOrientationPortrait;
				INFOPLIST_KEY_UISupportedInterfaceOrientations_iPad = "UIInterfaceOrientationPortrait UIInterfaceOrientationPortraitUpsideDown UIInterfaceOrientationLandscapeLeft UIInterfaceOrientationLandscapeRight";
				INFOPLIST_KEY_UISupportedInterfaceOrientations_iPhone = "UIInterfaceOrientationPortrait UIInterfaceOrientationLandscapeLeft UIInterfaceOrientationLandscapeRight";
				LD_RUNPATH_SEARCH_PATHS = (
					"$(inherited)",
					"@executable_path/Frameworks",
				);
				MARKETING_VERSION = 1.0;
				PRODUCT_BUNDLE_IDENTIFIER = com.obiivion.MangaApp;
				PRODUCT_NAME = "$(TARGET_NAME)";
				SWIFT_EMIT_LOC_STRINGS = YES;
				SWIFT_VERSION = 5.0;
				TARGETED_DEVICE_FAMILY = "1,2";
			};
			name = Release;
		};
/* End XCBuildConfiguration section */

/* Begin XCConfigurationList section */
		A31582D328A2A8EA0052DDF3 /* Build configuration list for PBXProject "MangaApp" */ = {
			isa = XCConfigurationList;
			buildConfigurations = (
				A31582EA28A2A8EB0052DDF3 /* Debug */,
				A31582EB28A2A8EB0052DDF3 /* Release */,
			);
			defaultConfigurationIsVisible = 0;
			defaultConfigurationName = Release;
		};
		A31582EC28A2A8EB0052DDF3 /* Build configuration list for PBXNativeTarget "MangaApp" */ = {
			isa = XCConfigurationList;
			buildConfigurations = (
				A31582ED28A2A8EB0052DDF3 /* Debug */,
				A31582EE28A2A8EB0052DDF3 /* Release */,
			);
			defaultConfigurationIsVisible = 0;
			defaultConfigurationName = Release;
		};
/* End XCConfigurationList section */
	};
	rootObject = A31582D028A2A8EA0052DDF3 /* Project object */;
}
